// !$*UTF8*$!
{
	archiveVersion = 1;
	classes = {
	};
	objectVersion = 55;
	objects = {

/* Begin PBXBuildFile section */
		180BE50527BCDFB100425A10 /* AppDelegate.swift in Sources */ = {isa = PBXBuildFile; fileRef = 180BE50427BCDFB100425A10 /* AppDelegate.swift */; };
		180BE50727BCDFB100425A10 /* SceneDelegate.swift in Sources */ = {isa = PBXBuildFile; fileRef = 180BE50627BCDFB100425A10 /* SceneDelegate.swift */; };
		180BE50927BCDFB100425A10 /* ViewController.swift in Sources */ = {isa = PBXBuildFile; fileRef = 180BE50827BCDFB100425A10 /* ViewController.swift */; };
		180BE50C27BCDFB100425A10 /* Main.storyboard in Resources */ = {isa = PBXBuildFile; fileRef = 180BE50A27BCDFB100425A10 /* Main.storyboard */; };
		180BE50E27BCDFB200425A10 /* Assets.xcassets in Resources */ = {isa = PBXBuildFile; fileRef = 180BE50D27BCDFB200425A10 /* Assets.xcassets */; };
		180BE51127BCDFB200425A10 /* LaunchScreen.storyboard in Resources */ = {isa = PBXBuildFile; fileRef = 180BE50F27BCDFB200425A10 /* LaunchScreen.storyboard */; };
		180BE51927CF805300425A10 /* SubjectSelectionVC.swift in Sources */ = {isa = PBXBuildFile; fileRef = 180BE51827CF805300425A10 /* SubjectSelectionVC.swift */; };
		180BE51B27D2284F00425A10 /* SinglePlayFrameVC.swift in Sources */ = {isa = PBXBuildFile; fileRef = 180BE51A27D2284F00425A10 /* SinglePlayFrameVC.swift */; };
		18C814DA27D38D97008ACF61 /* QuestionVC.swift in Sources */ = {isa = PBXBuildFile; fileRef = 18C814D927D38D97008ACF61 /* QuestionVC.swift */; };
/* End PBXBuildFile section */

/* Begin PBXFileReference section */
		180BE50127BCDFB100425A10 /* JaumQuiz.app */ = {isa = PBXFileReference; explicitFileType = wrapper.application; includeInIndex = 0; path = JaumQuiz.app; sourceTree = BUILT_PRODUCTS_DIR; };
		180BE50427BCDFB100425A10 /* AppDelegate.swift */ = {isa = PBXFileReference; lastKnownFileType = sourcecode.swift; path = AppDelegate.swift; sourceTree = "<group>"; };
		180BE50627BCDFB100425A10 /* SceneDelegate.swift */ = {isa = PBXFileReference; lastKnownFileType = sourcecode.swift; path = SceneDelegate.swift; sourceTree = "<group>"; };
		180BE50827BCDFB100425A10 /* ViewController.swift */ = {isa = PBXFileReference; lastKnownFileType = sourcecode.swift; path = ViewController.swift; sourceTree = "<group>"; };
		180BE50B27BCDFB100425A10 /* Base */ = {isa = PBXFileReference; lastKnownFileType = file.storyboard; name = Base; path = Base.lproj/Main.storyboard; sourceTree = "<group>"; };
		180BE50D27BCDFB200425A10 /* Assets.xcassets */ = {isa = PBXFileReference; lastKnownFileType = folder.assetcatalog; path = Assets.xcassets; sourceTree = "<group>"; };
		180BE51027BCDFB200425A10 /* Base */ = {isa = PBXFileReference; lastKnownFileType = file.storyboard; name = Base; path = Base.lproj/LaunchScreen.storyboard; sourceTree = "<group>"; };
		180BE51227BCDFB200425A10 /* Info.plist */ = {isa = PBXFileReference; lastKnownFileType = text.plist.xml; path = Info.plist; sourceTree = "<group>"; };
		180BE51827CF805300425A10 /* SubjectSelectionVC.swift */ = {isa = PBXFileReference; lastKnownFileType = sourcecode.swift; path = SubjectSelectionVC.swift; sourceTree = "<group>"; };
		180BE51A27D2284F00425A10 /* SinglePlayFrameVC.swift */ = {isa = PBXFileReference; lastKnownFileType = sourcecode.swift; path = SinglePlayFrameVC.swift; sourceTree = "<group>"; };
		18C814D927D38D97008ACF61 /* QuestionVC.swift */ = {isa = PBXFileReference; lastKnownFileType = sourcecode.swift; path = QuestionVC.swift; sourceTree = "<group>"; };
/* End PBXFileReference section */

/* Begin PBXFrameworksBuildPhase section */
		180BE4FE27BCDFB100425A10 /* Frameworks */ = {
			isa = PBXFrameworksBuildPhase;
			buildActionMask = 2147483647;
			files = (
			);
			runOnlyForDeploymentPostprocessing = 0;
		};
/* End PBXFrameworksBuildPhase section */

/* Begin PBXGroup section */
		180BE4F827BCDFB100425A10 = {
			isa = PBXGroup;
			children = (
				180BE50327BCDFB100425A10 /* JaumQuiz */,
				180BE50227BCDFB100425A10 /* Products */,
			);
			sourceTree = "<group>";
		};
		180BE50227BCDFB100425A10 /* Products */ = {
			isa = PBXGroup;
			children = (
				180BE50127BCDFB100425A10 /* JaumQuiz.app */,
			);
			name = Products;
			sourceTree = "<group>";
		};
		180BE50327BCDFB100425A10 /* JaumQuiz */ = {
			isa = PBXGroup;
			children = (
				180BE50427BCDFB100425A10 /* AppDelegate.swift */,
				180BE50627BCDFB100425A10 /* SceneDelegate.swift */,
				180BE50827BCDFB100425A10 /* ViewController.swift */,
				180BE50A27BCDFB100425A10 /* Main.storyboard */,
				180BE50D27BCDFB200425A10 /* Assets.xcassets */,
				180BE50F27BCDFB200425A10 /* LaunchScreen.storyboard */,
				180BE51227BCDFB200425A10 /* Info.plist */,
				180BE51827CF805300425A10 /* SubjectSelectionVC.swift */,
				180BE51A27D2284F00425A10 /* SinglePlayFrameVC.swift */,
				18C814D927D38D97008ACF61 /* QuestionVC.swift */,
			);
			path = JaumQuiz;
			sourceTree = "<group>";
		};
/* End PBXGroup section */

/* Begin PBXNativeTarget section */
		180BE50027BCDFB100425A10 /* JaumQuiz */ = {
			isa = PBXNativeTarget;
			buildConfigurationList = 180BE51527BCDFB200425A10 /* Build configuration list for PBXNativeTarget "JaumQuiz" */;
			buildPhases = (
				180BE4FD27BCDFB100425A10 /* Sources */,
				180BE4FE27BCDFB100425A10 /* Frameworks */,
				180BE4FF27BCDFB100425A10 /* Resources */,
			);
			buildRules = (
			);
			dependencies = (
			);
			name = JaumQuiz;
			productName = JaumQuiz;
			productReference = 180BE50127BCDFB100425A10 /* JaumQuiz.app */;
			productType = "com.apple.product-type.application";
		};
/* End PBXNativeTarget section */

/* Begin PBXProject section */
		180BE4F927BCDFB100425A10 /* Project object */ = {
			isa = PBXProject;
			attributes = {
				BuildIndependentTargetsInParallel = 1;
				LastSwiftUpdateCheck = 1320;
				LastUpgradeCheck = 1320;
				TargetAttributes = {
					180BE50027BCDFB100425A10 = {
						CreatedOnToolsVersion = 13.2.1;
					};
				};
			};
			buildConfigurationList = 180BE4FC27BCDFB100425A10 /* Build configuration list for PBXProject "JaumQuiz" */;
			compatibilityVersion = "Xcode 13.0";
			developmentRegion = en;
			hasScannedForEncodings = 0;
			knownRegions = (
				en,
				Base,
			);
			mainGroup = 180BE4F827BCDFB100425A10;
			productRefGroup = 180BE50227BCDFB100425A10 /* Products */;
			projectDirPath = "";
			projectRoot = "";
			targets = (
				180BE50027BCDFB100425A10 /* JaumQuiz */,
			);
		};
/* End PBXProject section */

/* Begin PBXResourcesBuildPhase section */
		180BE4FF27BCDFB100425A10 /* Resources */ = {
			isa = PBXResourcesBuildPhase;
			buildActionMask = 2147483647;
			files = (
				180BE51127BCDFB200425A10 /* LaunchScreen.storyboard in Resources */,
				180BE50E27BCDFB200425A10 /* Assets.xcassets in Resources */,
				180BE50C27BCDFB100425A10 /* Main.storyboard in Resources */,
			);
			runOnlyForDeploymentPostprocessing = 0;
		};
/* End PBXResourcesBuildPhase section */

/* Begin PBXSourcesBuildPhase section */
		180BE4FD27BCDFB100425A10 /* Sources */ = {
			isa = PBXSourcesBuildPhase;
			buildActionMask = 2147483647;
			files = (
				180BE51B27D2284F00425A10 /* SinglePlayFrameVC.swift in Sources */,
				180BE50927BCDFB100425A10 /* ViewController.swift in Sources */,
				180BE50527BCDFB100425A10 /* AppDelegate.swift in Sources */,
				180BE51927CF805300425A10 /* SubjectSelectionVC.swift in Sources */,
				18C814DA27D38D97008ACF61 /* QuestionVC.swift in Sources */,
				180BE50727BCDFB100425A10 /* SceneDelegate.swift in Sources */,
			);
			runOnlyForDeploymentPostprocessing = 0;
		};
/* End PBXSourcesBuildPhase section */

/* Begin PBXVariantGroup section */
		180BE50A27BCDFB100425A10 /* Main.storyboard */ = {
			isa = PBXVariantGroup;
			children = (
				180BE50B27BCDFB100425A10 /* Base */,
			);
			name = Main.storyboard;
			sourceTree = "<group>";
		};
		180BE50F27BCDFB200425A10 /* LaunchScreen.storyboard */ = {
			isa = PBXVariantGroup;
			children = (
				180BE51027BCDFB200425A10 /* Base */,
			);
			name = LaunchScreen.storyboard;
			sourceTree = "<group>";
		};
/* End PBXVariantGroup section */

/* Begin XCBuildConfiguration section */
		180BE51327BCDFB200425A10 /* Debug */ = {
			isa = XCBuildConfiguration;
			buildSettings = {
				ALWAYS_SEARCH_USER_PATHS = NO;
				CLANG_ANALYZER_NONNULL = YES;
				CLANG_ANALYZER_NUMBER_OBJECT_CONVERSION = YES_AGGRESSIVE;
				CLANG_CXX_LANGUAGE_STANDARD = "gnu++17";
				CLANG_CXX_LIBRARY = "libc++";
				CLANG_ENABLE_MODULES = YES;
				CLANG_ENABLE_OBJC_ARC = YES;
				CLANG_ENABLE_OBJC_WEAK = YES;
				CLANG_WARN_BLOCK_CAPTURE_AUTORELEASING = YES;
				CLANG_WARN_BOOL_CONVERSION = YES;
				CLANG_WARN_COMMA = YES;
				CLANG_WARN_CONSTANT_CONVERSION = YES;
				CLANG_WARN_DEPRECATED_OBJC_IMPLEMENTATIONS = YES;
				CLANG_WARN_DIRECT_OBJC_ISA_USAGE = YES_ERROR;
				CLANG_WARN_DOCUMENTATION_COMMENTS = YES;
				CLANG_WARN_EMPTY_BODY = YES;
				CLANG_WARN_ENUM_CONVERSION = YES;
				CLANG_WARN_INFINITE_RECURSION = YES;
				CLANG_WARN_INT_CONVERSION = YES;
				CLANG_WARN_NON_LITERAL_NULL_CONVERSION = YES;
				CLANG_WARN_OBJC_IMPLICIT_RETAIN_SELF = YES;
				CLANG_WARN_OBJC_LITERAL_CONVERSION = YES;
				CLANG_WARN_OBJC_ROOT_CLASS = YES_ERROR;
				CLANG_WARN_QUOTED_INCLUDE_IN_FRAMEWORK_HEADER = YES;
				CLANG_WARN_RANGE_LOOP_ANALYSIS = YES;
				CLANG_WARN_STRICT_PROTOTYPES = YES;
				CLANG_WARN_SUSPICIOUS_MOVE = YES;
				CLANG_WARN_UNGUARDED_AVAILABILITY = YES_AGGRESSIVE;
				CLANG_WARN_UNREACHABLE_CODE = YES;
				CLANG_WARN__DUPLICATE_METHOD_MATCH = YES;
				COPY_PHASE_STRIP = NO;
				DEBUG_INFORMATION_FORMAT = dwarf;
				ENABLE_STRICT_OBJC_MSGSEND = YES;
				ENABLE_TESTABILITY = YES;
				GCC_C_LANGUAGE_STANDARD = gnu11;
				GCC_DYNAMIC_NO_PIC = NO;
				GCC_NO_COMMON_BLOCKS = YES;
				GCC_OPTIMIZATION_LEVEL = 0;
				GCC_PREPROCESSOR_DEFINITIONS = (
					"DEBUG=1",
					"$(inherited)",
				);
				GCC_WARN_64_TO_32_BIT_CONVERSION = YES;
				GCC_WARN_ABOUT_RETURN_TYPE = YES_ERROR;
				GCC_WARN_UNDECLARED_SELECTOR = YES;
				GCC_WARN_UNINITIALIZED_AUTOS = YES_AGGRESSIVE;
				GCC_WARN_UNUSED_FUNCTION = YES;
				GCC_WARN_UNUSED_VARIABLE = YES;
				IPHONEOS_DEPLOYMENT_TARGET = 15.2;
				MTL_ENABLE_DEBUG_INFO = INCLUDE_SOURCE;
				MTL_FAST_MATH = YES;
				ONLY_ACTIVE_ARCH = YES;
				SDKROOT = iphoneos;
				SWIFT_ACTIVE_COMPILATION_CONDITIONS = DEBUG;
				SWIFT_OPTIMIZATION_LEVEL = "-Onone";
			};
			name = Debug;
		};
		180BE51427BCDFB200425A10 /* Release */ = {
			isa = XCBuildConfiguration;
			buildSettings = {
				ALWAYS_SEARCH_USER_PATHS = NO;
				CLANG_ANALYZER_NONNULL = YES;
				CLANG_ANALYZER_NUMBER_OBJECT_CONVERSION = YES_AGGRESSIVE;
				CLANG_CXX_LANGUAGE_STANDARD = "gnu++17";
				CLANG_CXX_LIBRARY = "libc++";
				CLANG_ENABLE_MODULES = YES;
				CLANG_ENABLE_OBJC_ARC = YES;
				CLANG_ENABLE_OBJC_WEAK = YES;
				CLANG_WARN_BLOCK_CAPTURE_AUTORELEASING = YES;
				CLANG_WARN_BOOL_CONVERSION = YES;
				CLANG_WARN_COMMA = YES;
				CLANG_WARN_CONSTANT_CONVERSION = YES;
				CLANG_WARN_DEPRECATED_OBJC_IMPLEMENTATIONS = YES;
				CLANG_WARN_DIRECT_OBJC_ISA_USAGE = YES_ERROR;
				CLANG_WARN_DOCUMENTATION_COMMENTS = YES;
				CLANG_WARN_EMPTY_BODY = YES;
				CLANG_WARN_ENUM_CONVERSION = YES;
				CLANG_WARN_INFINITE_RECURSION = YES;
				CLANG_WARN_INT_CONVERSION = YES;
				CLANG_WARN_NON_LITERAL_NULL_CONVERSION = YES;
				CLANG_WARN_OBJC_IMPLICIT_RETAIN_SELF = YES;
				CLANG_WARN_OBJC_LITERAL_CONVERSION = YES;
				CLANG_WARN_OBJC_ROOT_CLASS = YES_ERROR;
				CLANG_WARN_QUOTED_INCLUDE_IN_FRAMEWORK_HEADER = YES;
				CLANG_WARN_RANGE_LOOP_ANALYSIS = YES;
				CLANG_WARN_STRICT_PROTOTYPES = YES;
				CLANG_WARN_SUSPICIOUS_MOVE = YES;
				CLANG_WARN_UNGUARDED_AVAILABILITY = YES_AGGRESSIVE;
				CLANG_WARN_UNREACHABLE_CODE = YES;
				CLANG_WARN__DUPLICATE_METHOD_MATCH = YES;
				COPY_PHASE_STRIP = NO;
				DEBUG_INFORMATION_FORMAT = "dwarf-with-dsym";
				ENABLE_NS_ASSERTIONS = NO;
				ENABLE_STRICT_OBJC_MSGSEND = YES;
				GCC_C_LANGUAGE_STANDARD = gnu11;
				GCC_NO_COMMON_BLOCKS = YES;
				GCC_WARN_64_TO_32_BIT_CONVERSION = YES;
				GCC_WARN_ABOUT_RETURN_TYPE = YES_ERROR;
				GCC_WARN_UNDECLARED_SELECTOR = YES;
				GCC_WARN_UNINITIALIZED_AUTOS = YES_AGGRESSIVE;
				GCC_WARN_UNUSED_FUNCTION = YES;
				GCC_WARN_UNUSED_VARIABLE = YES;
				IPHONEOS_DEPLOYMENT_TARGET = 15.2;
				MTL_ENABLE_DEBUG_INFO = NO;
				MTL_FAST_MATH = YES;
				SDKROOT = iphoneos;
				SWIFT_COMPILATION_MODE = wholemodule;
				SWIFT_OPTIMIZATION_LEVEL = "-O";
				VALIDATE_PRODUCT = YES;
			};
			name = Release;
		};
		180BE51627BCDFB200425A10 /* Debug */ = {
			isa = XCBuildConfiguration;
			buildSettings = {
				ASSETCATALOG_COMPILER_APPICON_NAME = AppIcon;
				ASSETCATALOG_COMPILER_GLOBAL_ACCENT_COLOR_NAME = AccentColor;
				CODE_SIGN_STYLE = Automatic;
				CURRENT_PROJECT_VERSION = 1;
				GENERATE_INFOPLIST_FILE = YES;
				INFOPLIST_FILE = JaumQuiz/Info.plist;
				INFOPLIST_KEY_UIApplicationSupportsIndirectInputEvents = YES;
				INFOPLIST_KEY_UILaunchStoryboardName = LaunchScreen;
				INFOPLIST_KEY_UIMainStoryboardFile = Main;
				INFOPLIST_KEY_UISupportedInterfaceOrientations = UIInterfaceOrientationPortrait;
				INFOPLIST_KEY_UISupportedInterfaceOrientations_iPad = "UIInterfaceOrientationPortrait UIInterfaceOrientationPortraitUpsideDown UIInterfaceOrientationLandscapeLeft UIInterfaceOrientationLandscapeRight";
				INFOPLIST_KEY_UISupportedInterfaceOrientations_iPhone = "UIInterfaceOrientationPortrait UIInterfaceOrientationLandscapeLeft UIInterfaceOrientationLandscapeRight";
				LD_RUNPATH_SEARCH_PATHS = (
					"$(inherited)",
					"@executable_path/Frameworks",
				);
				MARKETING_VERSION = 1.0;
				PRODUCT_BUNDLE_IDENTIFIER = Moon.JaumQuiz;
				PRODUCT_NAME = "$(TARGET_NAME)";
				SWIFT_EMIT_LOC_STRINGS = YES;
				SWIFT_VERSION = 5.0;
				TARGETED_DEVICE_FAMILY = "1,2";
			};
			name = Debug;
		};
		180BE51727BCDFB200425A10 /* Release */ = {
			isa = XCBuildConfiguration;
			buildSettings = {
				ASSETCATALOG_COMPILER_APPICON_NAME = AppIcon;
				ASSETCATALOG_COMPILER_GLOBAL_ACCENT_COLOR_NAME = AccentColor;
				CODE_SIGN_STYLE = Automatic;
				CURRENT_PROJECT_VERSION = 1;
				GENERATE_INFOPLIST_FILE = YES;
				INFOPLIST_FILE = JaumQuiz/Info.plist;
				INFOPLIST_KEY_UIApplicationSupportsIndirectInputEvents = YES;
				INFOPLIST_KEY_UILaunchStoryboardName = LaunchScreen;
				INFOPLIST_KEY_UIMainStoryboardFile = Main;
				INFOPLIST_KEY_UISupportedInterfaceOrientations = UIInterfaceOrientationPortrait;
				INFOPLIST_KEY_UISupportedInterfaceOrientations_iPad = "UIInterfaceOrientationPortrait UIInterfaceOrientationPortraitUpsideDown UIInterfaceOrientationLandscapeLeft UIInterfaceOrientationLandscapeRight";
				INFOPLIST_KEY_UISupportedInterfaceOrientations_iPhone = "UIInterfaceOrientationPortrait UIInterfaceOrientationLandscapeLeft UIInterfaceOrientationLandscapeRight";
				LD_RUNPATH_SEARCH_PATHS = (
					"$(inherited)",
					"@executable_path/Frameworks",
				);
				MARKETING_VERSION = 1.0;
				PRODUCT_BUNDLE_IDENTIFIER = Moon.JaumQuiz;
				PRODUCT_NAME = "$(TARGET_NAME)";
				SWIFT_EMIT_LOC_STRINGS = YES;
				SWIFT_VERSION = 5.0;
				TARGETED_DEVICE_FAMILY = "1,2";
			};
			name = Release;
		};
/* End XCBuildConfiguration section */

/* Begin XCConfigurationList section */
		180BE4FC27BCDFB100425A10 /* Build configuration list for PBXProject "JaumQuiz" */ = {
			isa = XCConfigurationList;
			buildConfigurations = (
				180BE51327BCDFB200425A10 /* Debug */,
				180BE51427BCDFB200425A10 /* Release */,
			);
			defaultConfigurationIsVisible = 0;
			defaultConfigurationName = Release;
		};
		180BE51527BCDFB200425A10 /* Build configuration list for PBXNativeTarget "JaumQuiz" */ = {
			isa = XCConfigurationList;
			buildConfigurations = (
				180BE51627BCDFB200425A10 /* Debug */,
				180BE51727BCDFB200425A10 /* Release */,
			);
			defaultConfigurationIsVisible = 0;
			defaultConfigurationName = Release;
		};
/* End XCConfigurationList section */
	};
	rootObject = 180BE4F927BCDFB100425A10 /* Project object */;
}
